// !$*UTF8*$!
{
	archiveVersion = 1;
	classes = {
	};
	objectVersion = 77;
	objects = {

/* Begin PBXBuildFile section */
		DEAD0003DEAD0003DEAD0003 /* biplanes_core.xcframework in Frameworks */ = {isa = PBXBuildFile; fileRef = DEAD0002DEAD0002DEAD0002 /* biplanes_core.xcframework */; };
/* End PBXBuildFile section */

/* Begin PBXContainerItemProxy section */
		CC6ECD202F9D7AA2008F2866 /* PBXContainerItemProxy */ = {
			isa = PBXContainerItemProxy;
			containerPortal = CC6ECCEB2F9D78DF008F2866 /* Project object */;
			proxyType = 1;
			remoteGlobalIDString = CC6ECD1C2F9D7A68008F2866;
			remoteInfo = CoreLibs;
		};
/* End PBXContainerItemProxy section */

/* Begin PBXFileReference section */
		CC6ECCF32F9D78DF008F2866 /* PvP Biplanes.app */ = {isa = PBXFileReference; explicitFileType = wrapper.application; includeInIndex = 0; path = "PvP Biplanes.app"; sourceTree = BUILT_PRODUCTS_DIR; };
		DEAD0002DEAD0002DEAD0002 /* biplanes_core.xcframework */ = {isa = PBXFileReference; lastKnownFileType = wrapper.xcframework; name = biplanes_core.xcframework; path = "../../build_ios/biplanes_core.xcframework"; sourceTree = "<group>"; };
/* End PBXFileReference section */

/* Begin PBXFileSystemSynchronizedBuildFileExceptionSet section */
		DEAD0001DEAD0001DEAD0001 /* PBXFileSystemSynchronizedBuildFileExceptionSet */ = {
			isa = PBXFileSystemSynchronizedBuildFileExceptionSet;
			membershipExceptions = (
				"Info.plist",
			);
			target = CC6ECCF22F9D78DF008F2866 /* PvP Biplanes */;
		};
/* End PBXFileSystemSynchronizedBuildFileExceptionSet section */

/* Begin PBXFileSystemSynchronizedRootGroup section */
		CC6ECCF52F9D78DF008F2866 /* PvP Biplanes */ = {
			isa = PBXFileSystemSynchronizedRootGroup;
			exceptions = (
				DEAD0001DEAD0001DEAD0001 /* PBXFileSystemSynchronizedBuildFileExceptionSet */,
			);
			path = "PvP Biplanes";
			sourceTree = "<group>";
		};
/* End PBXFileSystemSynchronizedRootGroup section */

/* Begin PBXFrameworksBuildPhase section */
		CC6ECCF02F9D78DF008F2866 /* Frameworks */ = {
			isa = PBXFrameworksBuildPhase;
			buildActionMask = 2147483647;
			files = (
				DEAD0003DEAD0003DEAD0003 /* biplanes_core.xcframework in Frameworks */,
			);
			runOnlyForDeploymentPostprocessing = 0;
		};
/* End PBXFrameworksBuildPhase section */

/* Begin PBXGroup section */
		CC6ECCEA2F9D78DF008F2866 = {
			isa = PBXGroup;
			children = (
				CC6ECCF52F9D78DF008F2866 /* PvP Biplanes */,
				DEAD0004DEAD0004DEAD0004 /* Frameworks */,
				CC6ECCF42F9D78DF008F2866 /* Products */,
			);
			sourceTree = "<group>";
		};
		DEAD0004DEAD0004DEAD0004 /* Frameworks */ = {
			isa = PBXGroup;
			children = (
				DEAD0002DEAD0002DEAD0002 /* biplanes_core.xcframework */,
			);
			name = Frameworks;
			sourceTree = "<group>";
		};
		CC6ECCF42F9D78DF008F2866 /* Products */ = {
			isa = PBXGroup;
			children = (
				CC6ECCF32F9D78DF008F2866 /* PvP Biplanes.app */,
			);
			name = Products;
			sourceTree = "<group>";
		};
/* End PBXGroup section */

/* Begin PBXLegacyTarget section */
		CC6ECD1C2F9D7A68008F2866 /* CoreLibs */ = {
			isa = PBXLegacyTarget;
			buildArgumentsString = "bash $(SRCROOT)/../../tools/build_ios_libs.sh $(CONFIGURATION)";
			buildConfigurationList = CC6ECD1D2F9D7A69008F2866 /* Build configuration list for PBXLegacyTarget "CoreLibs" */;
			buildPhases = (
			);
			buildToolPath = /usr/bin/env;
			buildWorkingDirectory = "";
			dependencies = (
			);
			name = CoreLibs;
			packageProductDependencies = (
			);
			passBuildSettingsInEnvironment = 1;
			productName = CoreLibs;
		};
/* End PBXLegacyTarget section */

/* Begin PBXNativeTarget section */
		CC6ECCF22F9D78DF008F2866 /* PvP Biplanes */ = {
			isa = PBXNativeTarget;
			buildConfigurationList = CC6ECD062F9D78E2008F2866 /* Build configuration list for PBXNativeTarget "PvP Biplanes" */;
			buildPhases = (
				CC6ECCEF2F9D78DF008F2866 /* Sources */,
				CC6ECCF02F9D78DF008F2866 /* Frameworks */,
				CC6ECCF12F9D78DF008F2866 /* Resources */,
			);
			buildRules = (
			);
			dependencies = (
				CC6ECD212F9D7AA2008F2866 /* PBXTargetDependency */,
			);
			fileSystemSynchronizedGroups = (
				CC6ECCF52F9D78DF008F2866 /* PvP Biplanes */,
			);
			name = "PvP Biplanes";
			packageProductDependencies = (
			);
			productName = "PvP Biplanes";
			productReference = CC6ECCF32F9D78DF008F2866 /* PvP Biplanes.app */;
			productType = "com.apple.product-type.application";
		};
/* End PBXNativeTarget section */

/* Begin PBXProject section */
		CC6ECCEB2F9D78DF008F2866 /* Project object */ = {
			isa = PBXProject;
			attributes = {
				BuildIndependentTargetsInParallel = 1;
				LastSwiftUpdateCheck = 2600;
				LastUpgradeCheck = 2600;
				TargetAttributes = {
					CC6ECCF22F9D78DF008F2866 = {
						CreatedOnToolsVersion = 26.0.1;
						LastSwiftMigration = 2600;
					};
					CC6ECD1C2F9D7A68008F2866 = {
						CreatedOnToolsVersion = 26.0.1;
					};
				};
			};
			buildConfigurationList = CC6ECCEE2F9D78DF008F2866 /* Build configuration list for PBXProject "PvP Biplanes" */;
			developmentRegion = en;
			hasScannedForEncodings = 0;
			knownRegions = (
				en,
				Base,
			);
			mainGroup = CC6ECCEA2F9D78DF008F2866;
			minimizedProjectReferenceProxies = 1;
			preferredProjectObjectVersion = 77;
			productRefGroup = CC6ECCF42F9D78DF008F2866 /* Products */;
			projectDirPath = "";
			projectRoot = "";
			targets = (
				CC6ECCF22F9D78DF008F2866 /* PvP Biplanes */,
				CC6ECD1C2F9D7A68008F2866 /* CoreLibs */,
			);
		};
/* End PBXProject section */

/* Begin PBXResourcesBuildPhase section */
		CC6ECCF12F9D78DF008F2866 /* Resources */ = {
			isa = PBXResourcesBuildPhase;
			buildActionMask = 2147483647;
			files = (
			);
			runOnlyForDeploymentPostprocessing = 0;
		};
/* End PBXResourcesBuildPhase section */

/* Begin PBXSourcesBuildPhase section */
		CC6ECCEF2F9D78DF008F2866 /* Sources */ = {
			isa = PBXSourcesBuildPhase;
			buildActionMask = 2147483647;
			files = (
			);
			runOnlyForDeploymentPostprocessing = 0;
		};
/* End PBXSourcesBuildPhase section */

/* Begin PBXTargetDependency section */
		CC6ECD212F9D7AA2008F2866 /* PBXTargetDependency */ = {
			isa = PBXTargetDependency;
			target = CC6ECD1C2F9D7A68008F2866 /* CoreLibs */;
			targetProxy = CC6ECD202F9D7AA2008F2866 /* PBXContainerItemProxy */;
		};
/* End PBXTargetDependency section */

/* Begin XCBuildConfiguration section */
		CC6ECD072F9D78E2008F2866 /* Debug */ = {
			isa = XCBuildConfiguration;
			buildSettings = {
				ASSETCATALOG_COMPILER_APPICON_NAME = AppIcon;
				ASSETCATALOG_COMPILER_GLOBAL_ACCENT_COLOR_NAME = AccentColor;
				CLANG_ENABLE_MODULES = YES;
				CODE_SIGN_STYLE = Automatic;
				CURRENT_PROJECT_VERSION = 1;
				DEVELOPMENT_TEAM = 5232833P64;
				GENERATE_INFOPLIST_FILE = NO;
				HEADER_SEARCH_PATHS = (
					"$(SRCROOT)/../../",
					"$(SRCROOT)/../../build_ios/_deps/nlohmann_json-src/include",
				);
				INFOPLIST_FILE = "$(SRCROOT)/PvP Biplanes/Info.plist";
				IPHONEOS_DEPLOYMENT_TARGET = 15.6;
				LD_RUNPATH_SEARCH_PATHS = (
					"$(inherited)",
					"@executable_path/Frameworks",
				);
				MARKETING_VERSION = 1.0;
				PRODUCT_BUNDLE_IDENTIFIER = "com.pvp-biplanes-ios.PvP-Biplanes";
				PRODUCT_NAME = "$(TARGET_NAME)";
				STRING_CATALOG_GENERATE_SYMBOLS = YES;
				SWIFT_APPROACHABLE_CONCURRENCY = YES;
				SWIFT_DEFAULT_ACTOR_ISOLATION = MainActor;
				SWIFT_EMIT_LOC_STRINGS = YES;
				SWIFT_OBJC_BRIDGING_HEADER = "PvP Biplanes/PvP Biplanes-Bridging-Header.h";
				SWIFT_OPTIMIZATION_LEVEL = "-Onone";
				SWIFT_UPCOMING_FEATURE_MEMBER_IMPORT_VISIBILITY = YES;
				SWIFT_VERSION = 5.0;
				TARGETED_DEVICE_FAMILY = "1,2";
			};
			name = Debug;
		};
		CC6ECD082F9D78E2008F2866 /* Release */ = {
			isa = XCBuildConfiguration;
			buildSettings = {
				ASSETCATALOG_COMPILER_APPICON_NAME = AppIcon;
				ASSETCATALOG_COMPILER_GLOBAL_ACCENT_COLOR_NAME = AccentColor;
				CLANG_ENABLE_MODULES = YES;
				CODE_SIGN_STYLE = Automatic;
				CURRENT_PROJECT_VERSION = 1;
				DEVELOPMENT_TEAM = 5232833P64;
				GENERATE_INFOPLIST_FILE = NO;
				HEADER_SEARCH_PATHS = (
					"$(SRCROOT)/../../",
					"$(SRCROOT)/../../build_ios/_deps/nlohmann_json-src/include",
				);
				INFOPLIST_FILE = "$(SRCROOT)/PvP Biplanes/Info.plist";
				IPHONEOS_DEPLOYMENT_TARGET = 15.6;
				LD_RUNPATH_SEARCH_PATHS = (
					"$(inherited)",
					"@executable_path/Frameworks",
				);
				MARKETING_VERSION = 1.0;
				PRODUCT_BUNDLE_IDENTIFIER = "com.pvp-biplanes-ios.PvP-Biplanes";
				PRODUCT_NAME = "$(TARGET_NAME)";
				STRING_CATALOG_GENERATE_SYMBOLS = YES;
				SWIFT_APPROACHABLE_CONCURRENCY = YES;
				SWIFT_DEFAULT_ACTOR_ISOLATION = MainActor;
				SWIFT_EMIT_LOC_STRINGS = YES;
				SWIFT_OBJC_BRIDGING_HEADER = "PvP Biplanes/PvP Biplanes-Bridging-Header.h";
				SWIFT_UPCOMING_FEATURE_MEMBER_IMPORT_VISIBILITY = YES;
				SWIFT_VERSION = 5.0;
				TARGETED_DEVICE_FAMILY = "1,2";
			};
			name = Release;
		};
		CC6ECD092F9D78E2008F2866 /* Debug */ = {
			isa = XCBuildConfiguration;
			buildSettings = {
				ALWAYS_SEARCH_USER_PATHS = NO;
				ASSETCATALOG_COMPILER_GENERATE_SWIFT_ASSET_SYMBOL_EXTENSIONS = YES;
				CLANG_ANALYZER_NONNULL = YES;
				CLANG_ANALYZER_NUMBER_OBJECT_CONVERSION = YES_AGGRESSIVE;
				CLANG_CXX_LANGUAGE_STANDARD = "gnu++20";
				CLANG_ENABLE_MODULES = YES;
				CLANG_ENABLE_OBJC_ARC = YES;
				CLANG_ENABLE_OBJC_WEAK = YES;
				CLANG_WARN_BLOCK_CAPTURE_AUTORELEASING = YES;
				CLANG_WARN_BOOL_CONVERSION = YES;
				CLANG_WARN_COMMA = YES;
				CLANG_WARN_CONSTANT_CONVERSION = YES;
				CLANG_WARN_DEPRECATED_OBJC_IMPLEMENTATIONS = YES;
				CLANG_WARN_DIRECT_OBJC_ISA_USAGE = YES_ERROR;
				CLANG_WARN_DOCUMENTATION_COMMENTS = YES;
				CLANG_WARN_EMPTY_BODY = YES;
				CLANG_WARN_ENUM_CONVERSION = YES;
				CLANG_WARN_INFINITE_RECURSION = YES;
				CLANG_WARN_INT_CONVERSION = YES;
				CLANG_WARN_NON_LITERAL_NULL_CONVERSION = YES;
				CLANG_WARN_OBJC_IMPLICIT_RETAIN_SELF = YES;
				CLANG_WARN_OBJC_LITERAL_CONVERSION = YES;
				CLANG_WARN_OBJC_ROOT_CLASS = YES_ERROR;
				CLANG_WARN_QUOTED_INCLUDE_IN_FRAMEWORK_HEADER = YES;
				CLANG_WARN_RANGE_LOOP_ANALYSIS = YES;
				CLANG_WARN_STRICT_PROTOTYPES = YES;
				CLANG_WARN_SUSPICIOUS_MOVE = YES;
				CLANG_WARN_UNGUARDED_AVAILABILITY = YES_AGGRESSIVE;
				CLANG_WARN_UNREACHABLE_CODE = YES;
				CLANG_WARN__DUPLICATE_METHOD_MATCH = YES;
				COPY_PHASE_STRIP = NO;
				DEBUG_INFORMATION_FORMAT = dwarf;
				ENABLE_STRICT_OBJC_MSGSEND = YES;
				ENABLE_TESTABILITY = YES;
				ENABLE_USER_SCRIPT_SANDBOXING = YES;
				GCC_C_LANGUAGE_STANDARD = gnu17;
				GCC_DYNAMIC_NO_PIC = NO;
				GCC_NO_COMMON_BLOCKS = YES;
				GCC_OPTIMIZATION_LEVEL = 0;
				GCC_PREPROCESSOR_DEFINITIONS = (
					"DEBUG=1",
					"$(inherited)",
				);
				GCC_WARN_64_TO_32_BIT_CONVERSION = YES;
				GCC_WARN_ABOUT_RETURN_TYPE = YES_ERROR;
				GCC_WARN_UNDECLARED_SELECTOR = YES;
				GCC_WARN_UNINITIALIZED_AUTOS = YES_AGGRESSIVE;
				GCC_WARN_UNUSED_FUNCTION = YES;
				GCC_WARN_UNUSED_VARIABLE = YES;
				IPHONEOS_DEPLOYMENT_TARGET = 26.0;
				LOCALIZATION_PREFERS_STRING_CATALOGS = YES;
				MTL_ENABLE_DEBUG_INFO = INCLUDE_SOURCE;
				MTL_FAST_MATH = YES;
				ONLY_ACTIVE_ARCH = YES;
				SDKROOT = iphoneos;
				SWIFT_ACTIVE_COMPILATION_CONDITIONS = "DEBUG $(inherited)";
				SWIFT_OPTIMIZATION_LEVEL = "-Onone";
			};
			name = Debug;
		};
		CC6ECD0A2F9D78E2008F2866 /* Release */ = {
			isa = XCBuildConfiguration;
			buildSettings = {
				ALWAYS_SEARCH_USER_PATHS = NO;
				ASSETCATALOG_COMPILER_GENERATE_SWIFT_ASSET_SYMBOL_EXTENSIONS = YES;
				CLANG_ANALYZER_NONNULL = YES;
				CLANG_ANALYZER_NUMBER_OBJECT_CONVERSION = YES_AGGRESSIVE;
				CLANG_CXX_LANGUAGE_STANDARD = "gnu++20";
				CLANG_ENABLE_MODULES = YES;
				CLANG_ENABLE_OBJC_ARC = YES;
				CLANG_ENABLE_OBJC_WEAK = YES;
				CLANG_WARN_BLOCK_CAPTURE_AUTORELEASING = YES;
				CLANG_WARN_BOOL_CONVERSION = YES;
				CLANG_WARN_COMMA = YES;
				CLANG_WARN_CONSTANT_CONVERSION = YES;
				CLANG_WARN_DEPRECATED_OBJC_IMPLEMENTATIONS = YES;
				CLANG_WARN_DIRECT_OBJC_ISA_USAGE = YES_ERROR;
				CLANG_WARN_DOCUMENTATION_COMMENTS = YES;
				CLANG_WARN_EMPTY_BODY = YES;
				CLANG_WARN_ENUM_CONVERSION = YES;
				CLANG_WARN_INFINITE_RECURSION = YES;
				CLANG_WARN_INT_CONVERSION = YES;
				CLANG_WARN_NON_LITERAL_NULL_CONVERSION = YES;
				CLANG_WARN_OBJC_IMPLICIT_RETAIN_SELF = YES;
				CLANG_WARN_OBJC_LITERAL_CONVERSION = YES;
				CLANG_WARN_OBJC_ROOT_CLASS = YES_ERROR;
				CLANG_WARN_QUOTED_INCLUDE_IN_FRAMEWORK_HEADER = YES;
				CLANG_WARN_RANGE_LOOP_ANALYSIS = YES;
				CLANG_WARN_STRICT_PROTOTYPES = YES;
				CLANG_WARN_SUSPICIOUS_MOVE = YES;
				CLANG_WARN_UNGUARDED_AVAILABILITY = YES_AGGRESSIVE;
				CLANG_WARN_UNREACHABLE_CODE = YES;
				CLANG_WARN__DUPLICATE_METHOD_MATCH = YES;
				COPY_PHASE_STRIP = NO;
				DEBUG_INFORMATION_FORMAT = "dwarf-with-dsym";
				ENABLE_NS_ASSERTIONS = NO;
				ENABLE_STRICT_OBJC_MSGSEND = YES;
				ENABLE_USER_SCRIPT_SANDBOXING = YES;
				GCC_C_LANGUAGE_STANDARD = gnu17;
				GCC_NO_COMMON_BLOCKS = YES;
				GCC_WARN_64_TO_32_BIT_CONVERSION = YES;
				GCC_WARN_ABOUT_RETURN_TYPE = YES_ERROR;
				GCC_WARN_UNDECLARED_SELECTOR = YES;
				GCC_WARN_UNINITIALIZED_AUTOS = YES_AGGRESSIVE;
				GCC_WARN_UNUSED_FUNCTION = YES;
				GCC_WARN_UNUSED_VARIABLE = YES;
				IPHONEOS_DEPLOYMENT_TARGET = 26.0;
				LOCALIZATION_PREFERS_STRING_CATALOGS = YES;
				MTL_ENABLE_DEBUG_INFO = NO;
				MTL_FAST_MATH = YES;
				SDKROOT = iphoneos;
				SWIFT_COMPILATION_MODE = wholemodule;
				VALIDATE_PRODUCT = YES;
			};
			name = Release;
		};
		CC6ECD1E2F9D7A69008F2866 /* Debug */ = {
			isa = XCBuildConfiguration;
			buildSettings = {
				CODE_SIGN_STYLE = Automatic;
				DEBUGGING_SYMBOLS = YES;
				DEBUG_INFORMATION_FORMAT = dwarf;
				GCC_GENERATE_DEBUGGING_SYMBOLS = YES;
				GCC_OPTIMIZATION_LEVEL = 0;
				OTHER_CFLAGS = "";
				OTHER_LDFLAGS = "";
				PRODUCT_NAME = "$(TARGET_NAME)";
			};
			name = Debug;
		};
		CC6ECD1F2F9D7A69008F2866 /* Release */ = {
			isa = XCBuildConfiguration;
			buildSettings = {
				CODE_SIGN_STYLE = Automatic;
				DEBUG_INFORMATION_FORMAT = "dwarf-with-dsym";
				OTHER_CFLAGS = "";
				OTHER_LDFLAGS = "";
				PRODUCT_NAME = "$(TARGET_NAME)";
			};
			name = Release;
		};
/* End XCBuildConfiguration section */

/* Begin XCConfigurationList section */
		CC6ECCEE2F9D78DF008F2866 /* Build configuration list for PBXProject "PvP Biplanes" */ = {
			isa = XCConfigurationList;
			buildConfigurations = (
				CC6ECD092F9D78E2008F2866 /* Debug */,
				CC6ECD0A2F9D78E2008F2866 /* Release */,
			);
			defaultConfigurationIsVisible = 0;
			defaultConfigurationName = Release;
		};
		CC6ECD062F9D78E2008F2866 /* Build configuration list for PBXNativeTarget "PvP Biplanes" */ = {
			isa = XCConfigurationList;
			buildConfigurations = (
				CC6ECD072F9D78E2008F2866 /* Debug */,
				CC6ECD082F9D78E2008F2866 /* Release */,
			);
			defaultConfigurationIsVisible = 0;
			defaultConfigurationName = Release;
		};
		CC6ECD1D2F9D7A69008F2866 /* Build configuration list for PBXLegacyTarget "CoreLibs" */ = {
			isa = XCConfigurationList;
			buildConfigurations = (
				CC6ECD1E2F9D7A69008F2866 /* Debug */,
				CC6ECD1F2F9D7A69008F2866 /* Release */,
			);
			defaultConfigurationIsVisible = 0;
			defaultConfigurationName = Release;
		};
/* End XCConfigurationList section */
	};
	rootObject = CC6ECCEB2F9D78DF008F2866 /* Project object */;
}
